# This file is automatically @generated by Poetry 1.8.4 and should not be changed by hand.

[[package]]
name = "pytubefix"
version = "8.8.4"
description = "Python3 library for downloading YouTube Videos."
optional = false
python-versions = ">=3.7"
files = [
    {file = "pytubefix-8.8.4-py3-none-any.whl", hash = "sha256:8376c2f408f88aa42b5077ca560609163feb921bab0b659a2af2aaadbd53a147"},
    {file = "pytubefix-8.8.4.tar.gz", hash = "sha256:2d4a164b4ae341dd2e4b1a8ce51c475d5f7a41d64ee35ee4f81f92de5b14629a"},
]

[metadata]
lock-version = "2.0"
python-versions = "^3.9"
content-hash = "50f052b3a0a32288c111ba4f6db99aca1248388f1d2411bd1b8f878deb9eed3b"
